
Microsoft Visual Studio Solution File, Format Version 12.00
# Visual Studio Version 17
VisualStudioVersion = 17.9.34902.65
MinimumVisualStudioVersion = 10.0.40219.1
Project("{9A19103F-16F7-4668-BE54-9A1E7A4F7556}") = "AceInternship.RestApi", "AceInternship.RestApi\AceInternship.RestApi.csproj", "{998D1866-D7A8-4E12-8AB5-DE1C19657730}"
EndProject
Project("{2150E333-8FDC-42A3-9474-1A3956D46DE8}") = "Document", "Document", "{6E8AC14A-0736-4CCB-8B49-39235B8338B2}"
	ProjectSection(SolutionItems) = preProject
		Readme.md = Readme.md
	EndProjectSection
EndProject
Project("{FAE04EC0-301F-11D3-BF4B-00C04F79EFBC}") = "AceInternship.MinKapayWebApi", "AceInternship.MinKapayWebApi\AceInternship.MinKapayWebApi.csproj", "{14B0C855-0B96-4F5C-AD5E-78E3A676C9CE}"
EndProject
Global
	GlobalSection(SolutionConfigurationPlatforms) = preSolution
		Debug|Any CPU = Debug|Any CPU
		Release|Any CPU = Release|Any CPU
	EndGlobalSection
	GlobalSection(ProjectConfigurationPlatforms) = postSolution
		{998D1866-D7A8-4E12-8AB5-DE1C19657730}.Debug|Any CPU.ActiveCfg = Debug|Any CPU
		{998D1866-D7A8-4E12-8AB5-DE1C19657730}.Debug|Any CPU.Build.0 = Debug|Any CPU
		{998D1866-D7A8-4E12-8AB5-DE1C19657730}.Release|Any CPU.ActiveCfg = Release|Any CPU
		{998D1866-D7A8-4E12-8AB5-DE1C19657730}.Release|Any CPU.Build.0 = Release|Any CPU
		{14B0C855-0B96-4F5C-AD5E-78E3A676C9CE}.Debug|Any CPU.ActiveCfg = Debug|Any CPU
		{14B0C855-0B96-4F5C-AD5E-78E3A676C9CE}.Debug|Any CPU.Build.0 = Debug|Any CPU
		{14B0C855-0B96-4F5C-AD5E-78E3A676C9CE}.Release|Any CPU.ActiveCfg = Release|Any CPU
		{14B0C855-0B96-4F5C-AD5E-78E3A676C9CE}.Release|Any CPU.Build.0 = Release|Any CPU
	EndGlobalSection
	GlobalSection(SolutionProperties) = preSolution
		HideSolutionNode = FALSE
	EndGlobalSection
	GlobalSection(ExtensibilityGlobals) = postSolution
		SolutionGuid = {EB99C0B9-47A1-4F5A-93CE-7AC464E21FDB}
	EndGlobalSection
EndGlobal
